
Microsoft Visual Studio Solution File, Format Version 12.00
# Visual Studio Version 17
VisualStudioVersion = 17.9.34728.123
MinimumVisualStudioVersion = 10.0.40219.1
Project("{9A19103F-16F7-4668-BE54-9A1E7A4F7556}") = "BusinessObjects", "BusinessObjects\BusinessObjects.csproj", "{BCB726B7-7715-4149-8DA3-097F3E5CA1FC}"
EndProject
Project("{9A19103F-16F7-4668-BE54-9A1E7A4F7556}") = "Repositories", "Repositories\Repositories.csproj", "{F3871C89-5302-405A-8999-4A6877DD47F9}"
EndProject
Project("{9A19103F-16F7-4668-BE54-9A1E7A4F7556}") = "DataAccessLayer", "DataAccessLayer\DataAccessLayer.csproj", "{9DD72A6A-060B-4187-9ABE-E9F6BE607E72}"
EndProject
Project("{FAE04EC0-301F-11D3-BF4B-00C04F79EFBC}") = "Services", "Services\Services.csproj", "{6A9DF933-AFAD-43EC-B6B0-CF61D6C518E3}"
EndProject
Project("{FAE04EC0-301F-11D3-BF4B-00C04F79EFBC}") = "WPFApp", "WPFApp\WPFApp.csproj", "{26F0DB18-202E-441E-93E3-3E96FF2FCD71}"
EndProject
Global
	GlobalSection(SolutionConfigurationPlatforms) = preSolution
		Debug|Any CPU = Debug|Any CPU
		Release|Any CPU = Release|Any CPU
	EndGlobalSection
	GlobalSection(ProjectConfigurationPlatforms) = postSolution
		{BCB726B7-7715-4149-8DA3-097F3E5CA1FC}.Debug|Any CPU.ActiveCfg = Debug|Any CPU
		{BCB726B7-7715-4149-8DA3-097F3E5CA1FC}.Debug|Any CPU.Build.0 = Debug|Any CPU
		{BCB726B7-7715-4149-8DA3-097F3E5CA1FC}.Release|Any CPU.ActiveCfg = Release|Any CPU
		{BCB726B7-7715-4149-8DA3-097F3E5CA1FC}.Release|Any CPU.Build.0 = Release|Any CPU
		{F3871C89-5302-405A-8999-4A6877DD47F9}.Debug|Any CPU.ActiveCfg = Debug|Any CPU
		{F3871C89-5302-405A-8999-4A6877DD47F9}.Debug|Any CPU.Build.0 = Debug|Any CPU
		{F3871C89-5302-405A-8999-4A6877DD47F9}.Release|Any CPU.ActiveCfg = Release|Any CPU
		{F3871C89-5302-405A-8999-4A6877DD47F9}.Release|Any CPU.Build.0 = Release|Any CPU
		{9DD72A6A-060B-4187-9ABE-E9F6BE607E72}.Debug|Any CPU.ActiveCfg = Debug|Any CPU
		{9DD72A6A-060B-4187-9ABE-E9F6BE607E72}.Debug|Any CPU.Build.0 = Debug|Any CPU
		{9DD72A6A-060B-4187-9ABE-E9F6BE607E72}.Release|Any CPU.ActiveCfg = Release|Any CPU
		{9DD72A6A-060B-4187-9ABE-E9F6BE607E72}.Release|Any CPU.Build.0 = Release|Any CPU
		{6A9DF933-AFAD-43EC-B6B0-CF61D6C518E3}.Debug|Any CPU.ActiveCfg = Debug|Any CPU
		{6A9DF933-AFAD-43EC-B6B0-CF61D6C518E3}.Debug|Any CPU.Build.0 = Debug|Any CPU
		{6A9DF933-AFAD-43EC-B6B0-CF61D6C518E3}.Release|Any CPU.ActiveCfg = Release|Any CPU
		{6A9DF933-AFAD-43EC-B6B0-CF61D6C518E3}.Release|Any CPU.Build.0 = Release|Any CPU
		{26F0DB18-202E-441E-93E3-3E96FF2FCD71}.Debug|Any CPU.ActiveCfg = Debug|Any CPU
		{26F0DB18-202E-441E-93E3-3E96FF2FCD71}.Debug|Any CPU.Build.0 = Debug|Any CPU
		{26F0DB18-202E-441E-93E3-3E96FF2FCD71}.Release|Any CPU.ActiveCfg = Release|Any CPU
		{26F0DB18-202E-441E-93E3-3E96FF2FCD71}.Release|Any CPU.Build.0 = Release|Any CPU
	EndGlobalSection
	GlobalSection(SolutionProperties) = preSolution
		HideSolutionNode = FALSE
	EndGlobalSection
	GlobalSection(ExtensibilityGlobals) = postSolution
		SolutionGuid = {BB00436C-3E46-4044-A66A-42956A1F23B8}
	EndGlobalSection
EndGlobal
